
Microsoft Visual Studio Solution File, Format Version 12.00
# Visual Studio 2012
Project("{FAE04EC0-301F-11D3-BF4B-00C04F79EFBC}") = "Generate", "Generate\Generate.csproj", "{F671F04B-1017-45A1-AD9E-ED7FE7F0B26B}"
EndProject
Global
	GlobalSection(SolutionConfigurationPlatforms) = preSolution
		Debug|Any CPU = Debug|Any CPU
		Release|Any CPU = Release|Any CPU
	EndGlobalSection
	GlobalSection(ProjectConfigurationPlatforms) = postSolution
		{F671F04B-1017-45A1-AD9E-ED7FE7F0B26B}.Debug|Any CPU.ActiveCfg = Debug|Any CPU
		{F671F04B-1017-45A1-AD9E-ED7FE7F0B26B}.Debug|Any CPU.Build.0 = Debug|Any CPU
		{F671F04B-1017-45A1-AD9E-ED7FE7F0B26B}.Release|Any CPU.ActiveCfg = Release|Any CPU
		{F671F04B-1017-45A1-AD9E-ED7FE7F0B26B}.Release|Any CPU.Build.0 = Release|Any CPU
	EndGlobalSection
	GlobalSection(SolutionProperties) = preSolution
		HideSolutionNode = FALSE
	EndGlobalSection
EndGlobal
